
Microsoft Visual Studio Solution File, Format Version 12.00
# Visual Studio Version 17
VisualStudioVersion = 17.4.33103.184
MinimumVisualStudioVersion = 10.0.40219.1
Project("{FAE04EC0-301F-11D3-BF4B-00C04F79EFBC}") = "Корень", "Корень\Корень.csproj", "{C7281283-DB81-40DA-B151-44C0629725C5}"
EndProject
Global
	GlobalSection(SolutionConfigurationPlatforms) = preSolution
		Debug|Any CPU = Debug|Any CPU
		Release|Any CPU = Release|Any CPU
	EndGlobalSection
	GlobalSection(ProjectConfigurationPlatforms) = postSolution
		{C7281283-DB81-40DA-B151-44C0629725C5}.Debug|Any CPU.ActiveCfg = Debug|Any CPU
		{C7281283-DB81-40DA-B151-44C0629725C5}.Debug|Any CPU.Build.0 = Debug|Any CPU
		{C7281283-DB81-40DA-B151-44C0629725C5}.Release|Any CPU.ActiveCfg = Release|Any CPU
		{C7281283-DB81-40DA-B151-44C0629725C5}.Release|Any CPU.Build.0 = Release|Any CPU
	EndGlobalSection
	GlobalSection(SolutionProperties) = preSolution
		HideSolutionNode = FALSE
	EndGlobalSection
	GlobalSection(ExtensibilityGlobals) = postSolution
		SolutionGuid = {1D8E4D6F-35AA-4E36-8C88-75014D643F16}
	EndGlobalSection
EndGlobal
