
Microsoft Visual Studio Solution File, Format Version 12.00
# Visual Studio Version 17
VisualStudioVersion = 17.4.33103.184
MinimumVisualStudioVersion = 10.0.40219.1
Project("{FAE04EC0-301F-11D3-BF4B-00C04F79EFBC}") = "НОД равнение", "НОД равнение.csproj", "{73CADFE9-8720-4143-B16F-CBC4E57C929E}"
EndProject
Project("{FAE04EC0-301F-11D3-BF4B-00C04F79EFBC}") = "UnitTestProject1", "UnitTestProject1\UnitTestProject1.csproj", "{8F298426-2FD5-409F-BDC6-19CD6B172710}"
EndProject
Global
	GlobalSection(SolutionConfigurationPlatforms) = preSolution
		Debug|Any CPU = Debug|Any CPU
		Release|Any CPU = Release|Any CPU
	EndGlobalSection
	GlobalSection(ProjectConfigurationPlatforms) = postSolution
		{73CADFE9-8720-4143-B16F-CBC4E57C929E}.Debug|Any CPU.ActiveCfg = Debug|Any CPU
		{73CADFE9-8720-4143-B16F-CBC4E57C929E}.Debug|Any CPU.Build.0 = Debug|Any CPU
		{73CADFE9-8720-4143-B16F-CBC4E57C929E}.Release|Any CPU.ActiveCfg = Release|Any CPU
		{73CADFE9-8720-4143-B16F-CBC4E57C929E}.Release|Any CPU.Build.0 = Release|Any CPU
		{8F298426-2FD5-409F-BDC6-19CD6B172710}.Debug|Any CPU.ActiveCfg = Debug|Any CPU
		{8F298426-2FD5-409F-BDC6-19CD6B172710}.Debug|Any CPU.Build.0 = Debug|Any CPU
		{8F298426-2FD5-409F-BDC6-19CD6B172710}.Release|Any CPU.ActiveCfg = Release|Any CPU
		{8F298426-2FD5-409F-BDC6-19CD6B172710}.Release|Any CPU.Build.0 = Release|Any CPU
	EndGlobalSection
	GlobalSection(SolutionProperties) = preSolution
		HideSolutionNode = FALSE
	EndGlobalSection
	GlobalSection(ExtensibilityGlobals) = postSolution
		SolutionGuid = {B56DE6F4-9883-4A07-BDD4-C52E4228CF5B}
	EndGlobalSection
EndGlobal
