
Microsoft Visual Studio Solution File, Format Version 12.00
# Visual Studio Version 17
VisualStudioVersion = 17.4.33103.184
MinimumVisualStudioVersion = 10.0.40219.1
Project("{FAE04EC0-301F-11D3-BF4B-00C04F79EFBC}") = "Пуревод в двоичную систему счисления", "Пуревод в двоичную систему счисления\Пуревод в двоичную систему счисления.csproj", "{7A2210FE-FE06-4296-A7D3-65F5D9437AC9}"
EndProject
Global
	GlobalSection(SolutionConfigurationPlatforms) = preSolution
		Debug|Any CPU = Debug|Any CPU
		Release|Any CPU = Release|Any CPU
	EndGlobalSection
	GlobalSection(ProjectConfigurationPlatforms) = postSolution
		{7A2210FE-FE06-4296-A7D3-65F5D9437AC9}.Debug|Any CPU.ActiveCfg = Debug|Any CPU
		{7A2210FE-FE06-4296-A7D3-65F5D9437AC9}.Debug|Any CPU.Build.0 = Debug|Any CPU
		{7A2210FE-FE06-4296-A7D3-65F5D9437AC9}.Release|Any CPU.ActiveCfg = Release|Any CPU
		{7A2210FE-FE06-4296-A7D3-65F5D9437AC9}.Release|Any CPU.Build.0 = Release|Any CPU
	EndGlobalSection
	GlobalSection(SolutionProperties) = preSolution
		HideSolutionNode = FALSE
	EndGlobalSection
	GlobalSection(ExtensibilityGlobals) = postSolution
		SolutionGuid = {F9F29BAE-D7E9-4F7C-84B6-0F3C283A20F3}
	EndGlobalSection
EndGlobal
